{
  "requires": true,
  "lockfileVersion": 1,
  "dependencies": {
    "@babel/runtime": {
      "version": "7.18.3",
      "resolved": "https://registry.npmmirror.com/@babel/runtime/-/runtime-7.18.3.tgz",
      "integrity": "sha512-38Y8f7YUhce/K7RMwTp7m0uCumpv9hZkitCbBClqQIow1qSbCvGkcegKOXpEWCQLfWmevgRiWokZ1GkpfhbZug==",
      "requires": {
        "regenerator-runtime": "^0.13.4"
      },
      "dependencies": {
        "regenerator-runtime": {
          "version": "0.13.9",
          "resolved": "https://registry.npmmirror.com/regenerator-runtime/-/regenerator-runtime-0.13.9.tgz",
          "integrity": "sha512-p3VT+cOEgxFsRRA9X4lkI1E+k2/CtnKtU4gcxyaCUreilL/vqI6CdZ3wxVUx3UOUg+gnUOQQcRI7BmSI656MYA=="
        }
      }
    },
    "@videojs/http-streaming": {
      "version": "2.14.2",
      "resolved": "https://registry.npmmirror.com/@videojs/http-streaming/-/http-streaming-2.14.2.tgz",
      "integrity": "sha512-K1raSfO/pq5r8iUas3OSYni0kXOj91n8ealIpV02khghzGv9LQ6O3YUqYd/eAhJ1HIrmZWOnrYpK/P+mhUExXQ==",
      "requires": {
        "@babel/runtime": "^7.12.5",
        "@videojs/vhs-utils": "3.0.5",
        "aes-decrypter": "3.1.3",
        "global": "^4.4.0",
        "m3u8-parser": "4.7.1",
        "mpd-parser": "0.21.1",
        "mux.js": "6.0.1",
        "video.js": "^6 || ^7"
      },
      "dependencies": {
        "aes-decrypter": {
          "version": "3.1.3",
          "resolved": "https://registry.npmmirror.com/aes-decrypter/-/aes-decrypter-3.1.3.tgz",
          "integrity": "sha512-VkG9g4BbhMBy+N5/XodDeV6F02chEk9IpgRTq/0bS80y4dzy79VH2Gtms02VXomf3HmyRe3yyJYkJ990ns+d6A==",
          "requires": {
            "@babel/runtime": "^7.12.5",
            "@videojs/vhs-utils": "^3.0.5",
            "global": "^4.4.0",
            "pkcs7": "^1.0.4"
          }
        },
        "global": {
          "version": "4.4.0",
          "resolved": "https://registry.npmmirror.com/global/-/global-4.4.0.tgz",
          "integrity": "sha512-wv/LAoHdRE3BeTGz53FAamhGlPLhlssK45usmGFThIi4XqnBmjKQ16u+RNbP7WvigRZDxUsM0J3gcQ5yicaL0w==",
          "requires": {
            "min-document": "^2.19.0",
            "process": "^0.11.10"
          }
        },
        "m3u8-parser": {
          "version": "4.7.1",
          "resolved": "https://registry.npmmirror.com/m3u8-parser/-/m3u8-parser-4.7.1.tgz",
          "integrity": "sha512-pbrQwiMiq+MmI9bl7UjtPT3AK603PV9bogNlr83uC+X9IoxqL5E4k7kU7fMQ0dpRgxgeSMygqUa0IMLQNXLBNA==",
          "requires": {
            "@babel/runtime": "^7.12.5",
            "@videojs/vhs-utils": "^3.0.5",
            "global": "^4.4.0"
          }
        },
        "mux.js": {
          "version": "6.0.1",
          "resolved": "https://registry.npmmirror.com/mux.js/-/mux.js-6.0.1.tgz",
          "integrity": "sha512-22CHb59rH8pWGcPGW5Og7JngJ9s+z4XuSlYvnxhLuc58cA1WqGDQPzuG8I+sPm1/p0CdgpzVTaKW408k5DNn8w==",
          "requires": {
            "@babel/runtime": "^7.11.2",
            "global": "^4.4.0"
          }
        },
        "pkcs7": {
          "version": "1.0.4",
          "resolved": "https://registry.npmmirror.com/pkcs7/-/pkcs7-1.0.4.tgz",
          "integrity": "sha512-afRERtHn54AlwaF2/+LFszyAANTCggGilmcmILUzEjvs3XgFZT+xE6+QWQcAGmu4xajy+Xtj7acLOPdx5/eXWQ==",
          "requires": {
            "@babel/runtime": "^7.5.5"
          }
        },
        "process": {
          "version": "0.11.10",
          "resolved": "https://registry.npmmirror.com/process/-/process-0.11.10.tgz",
          "integrity": "sha512-cdGef/drWFoydD1JsMzuFf8100nZl+GT+yacc2bEced5f9Rjk4z+WtFUTBu9PhOi9j/jfmBPu0mMEY4wIdAF8A=="
        }
      }
    },
    "@videojs/vhs-utils": {
      "version": "3.0.5",
      "resolved": "https://registry.npmmirror.com/@videojs/vhs-utils/-/vhs-utils-3.0.5.tgz",
      "integrity": "sha512-PKVgdo8/GReqdx512F+ombhS+Bzogiofy1LgAj4tN8PfdBx3HSS7V5WfJotKTqtOWGwVfSWsrYN/t09/DSryrw==",
      "requires": {
        "@babel/runtime": "^7.12.5",
        "global": "^4.4.0",
        "url-toolkit": "^2.2.1"
      },
      "dependencies": {
        "global": {
          "version": "4.4.0",
          "resolved": "https://registry.npmmirror.com/global/-/global-4.4.0.tgz",
          "integrity": "sha512-wv/LAoHdRE3BeTGz53FAamhGlPLhlssK45usmGFThIi4XqnBmjKQ16u+RNbP7WvigRZDxUsM0J3gcQ5yicaL0w==",
          "requires": {
            "min-document": "^2.19.0",
            "process": "^0.11.10"
          }
        },
        "process": {
          "version": "0.11.10",
          "resolved": "https://registry.npmmirror.com/process/-/process-0.11.10.tgz",
          "integrity": "sha512-cdGef/drWFoydD1JsMzuFf8100nZl+GT+yacc2bEced5f9Rjk4z+WtFUTBu9PhOi9j/jfmBPu0mMEY4wIdAF8A=="
        }
      }
    },
    "@videojs/xhr": {
      "version": "2.6.0",
      "resolved": "https://registry.npmmirror.com/@videojs/xhr/-/xhr-2.6.0.tgz",
      "integrity": "sha512-7J361GiN1tXpm+gd0xz2QWr3xNWBE+rytvo8J3KuggFaLg+U37gZQ2BuPLcnkfGffy2e+ozY70RHC8jt7zjA6Q==",
      "requires": {
        "@babel/runtime": "^7.5.5",
        "global": "~4.4.0",
        "is-function": "^1.0.1"
      },
      "dependencies": {
        "global": {
          "version": "4.4.0",
          "resolved": "https://registry.npmmirror.com/global/-/global-4.4.0.tgz",
          "integrity": "sha512-wv/LAoHdRE3BeTGz53FAamhGlPLhlssK45usmGFThIi4XqnBmjKQ16u+RNbP7WvigRZDxUsM0J3gcQ5yicaL0w==",
          "requires": {
            "min-document": "^2.19.0",
            "process": "^0.11.10"
          }
        },
        "process": {
          "version": "0.11.10",
          "resolved": "https://registry.npmmirror.com/process/-/process-0.11.10.tgz",
          "integrity": "sha512-cdGef/drWFoydD1JsMzuFf8100nZl+GT+yacc2bEced5f9Rjk4z+WtFUTBu9PhOi9j/jfmBPu0mMEY4wIdAF8A=="
        }
      }
    },
    "@xmldom/xmldom": {
      "version": "0.7.5",
      "resolved": "https://registry.npmmirror.com/@xmldom/xmldom/-/xmldom-0.7.5.tgz",
      "integrity": "sha512-V3BIhmY36fXZ1OtVcI9W+FxQqxVLsPKcNjWigIaa81dLC9IolJl5Mt4Cvhmr0flUnjSpTdrbMTSbXqYqV5dT6A=="
    },
    "aes-decrypter": {
      "version": "1.0.3",
      "resolved": "https://registry.npmmirror.com/aes-decrypter/-/aes-decrypter-1.0.3.tgz",
      "integrity": "sha512-rsx8pfx7wJsn+ziYbpJ8XA5c93hKAtBCrfydxJqJCMT+qfjipd/B5wC2xHtBcoxyvlqJcpeAo3K55t0lXOn9yQ==",
      "requires": {
        "pkcs7": "^0.2.3"
      }
    },
    "babel-runtime": {
      "version": "6.26.0",
      "resolved": "https://registry.npmmirror.com/babel-runtime/-/babel-runtime-6.26.0.tgz",
      "integrity": "sha512-ITKNuq2wKlW1fJg9sSW52eepoYgZBggvOAHC0u/CYu/qxQ9EVzThCgR69BnSXLHjy2f7SY5zaQ4yt7H9ZVxY2g==",
      "requires": {
        "core-js": "^2.4.0",
        "regenerator-runtime": "^0.11.0"
      }
    },
    "core-js": {
      "version": "2.6.12",
      "resolved": "https://registry.npmmirror.com/core-js/-/core-js-2.6.12.tgz",
      "integrity": "sha512-Kb2wC0fvsWfQrgk8HU5lW6U/Lcs8+9aaYcy4ZFc6DDlo4nZ7n70dEgE5rtR0oG6ufKDUnrwfWL1mXR5ljDatrQ=="
    },
    "dom-walk": {
      "version": "0.1.2",
      "resolved": "https://registry.npmmirror.com/dom-walk/-/dom-walk-0.1.2.tgz",
      "integrity": "sha512-6QvTW9mrGeIegrFXdtQi9pk7O/nSK6lSdXW2eqUspN5LWD7UTji2Fqw5V2YLjBpHEoU9Xl/eUWNpDeZvoyOv2w=="
    },
    "es5-shim": {
      "version": "4.6.7",
      "resolved": "https://registry.npmmirror.com/es5-shim/-/es5-shim-4.6.7.tgz",
      "integrity": "sha512-jg21/dmlrNQI7JyyA2w7n+yifSxBng0ZralnSfVZjoCawgNTCnS+yBCyVM9DL5itm7SUnDGgv7hcq2XCZX4iRQ=="
    },
    "global": {
      "version": "4.3.2",
      "resolved": "https://registry.npmmirror.com/global/-/global-4.3.2.tgz",
      "integrity": "sha512-/4AybdwIDU4HkCUbJkZdWpe4P6vuw/CUtu+0I1YlLIPe7OlUO7KNJ+q/rO70CW2/NW6Jc6I62++Hzsf5Alu6rQ==",
      "requires": {
        "min-document": "^2.19.0",
        "process": "~0.5.1"
      }
    },
    "individual": {
      "version": "2.0.0",
      "resolved": "https://registry.npmmirror.com/individual/-/individual-2.0.0.tgz",
      "integrity": "sha512-pWt8hBCqJsUWI/HtcfWod7+N9SgAqyPEaF7JQjwzjn5vGrpg6aQ5qeAFQ7dx//UH4J1O+7xqew+gCeeFt6xN/g=="
    },
    "is-function": {
      "version": "1.0.2",
      "resolved": "https://registry.npmmirror.com/is-function/-/is-function-1.0.2.tgz",
      "integrity": "sha512-lw7DUp0aWXYg+CBCN+JKkcE0Q2RayZnSvnZBlwgxHBQhqt5pZNVy4Ri7H9GmmXkdu7LUthszM+Tor1u/2iBcpQ=="
    },
    "keycode": {
      "version": "2.2.1",
      "resolved": "https://registry.npmmirror.com/keycode/-/keycode-2.2.1.tgz",
      "integrity": "sha512-Rdgz9Hl9Iv4QKi8b0OlCRQEzp4AgVxyCtz5S/+VIHezDmrDhkp2N2TqBWOLz0/gbeREXOOiI9/4b8BY9uw2vFg=="
    },
    "m3u8-parser": {
      "version": "2.1.0",
      "resolved": "https://registry.npmmirror.com/m3u8-parser/-/m3u8-parser-2.1.0.tgz",
      "integrity": "sha512-WbEpQ2FUaNGbJ0YanSeyj9D9ruu4FUvz+ZvebIzI2bSME+PUwcPXO1kKXZkjcPUAFruDikoOI5fWQNIA6JCCOQ=="
    },
    "min-document": {
      "version": "2.19.0",
      "resolved": "https://registry.npmmirror.com/min-document/-/min-document-2.19.0.tgz",
      "integrity": "sha512-9Wy1B3m3f66bPPmU5hdA4DR4PB2OfDU/+GS3yAB7IQozE3tqXaVv2zOjgla7MEGSRv95+ILmOuvhLkOK6wJtCQ==",
      "requires": {
        "dom-walk": "^0.1.0"
      }
    },
    "mpd-parser": {
      "version": "0.21.1",
      "resolved": "https://registry.npmmirror.com/mpd-parser/-/mpd-parser-0.21.1.tgz",
      "integrity": "sha512-BxlSXWbKE1n7eyEPBnTEkrzhS3PdmkkKdM1pgKbPnPOH0WFZIc0sPOWi7m0Uo3Wd2a4Or8Qf4ZbS7+ASqQ49fw==",
      "requires": {
        "@babel/runtime": "^7.12.5",
        "@videojs/vhs-utils": "^3.0.5",
        "@xmldom/xmldom": "^0.7.2",
        "global": "^4.4.0"
      },
      "dependencies": {
        "global": {
          "version": "4.4.0",
          "resolved": "https://registry.npmmirror.com/global/-/global-4.4.0.tgz",
          "integrity": "sha512-wv/LAoHdRE3BeTGz53FAamhGlPLhlssK45usmGFThIi4XqnBmjKQ16u+RNbP7WvigRZDxUsM0J3gcQ5yicaL0w==",
          "requires": {
            "min-document": "^2.19.0",
            "process": "^0.11.10"
          }
        },
        "process": {
          "version": "0.11.10",
          "resolved": "https://registry.npmmirror.com/process/-/process-0.11.10.tgz",
          "integrity": "sha512-cdGef/drWFoydD1JsMzuFf8100nZl+GT+yacc2bEced5f9Rjk4z+WtFUTBu9PhOi9j/jfmBPu0mMEY4wIdAF8A=="
        }
      }
    },
    "mux.js": {
      "version": "4.3.2",
      "resolved": "https://registry.npmmirror.com/mux.js/-/mux.js-4.3.2.tgz",
      "integrity": "sha512-g0q6DPdvb3yYcoK7ElBGobdSSrhY/RjPt19U7uUc733aqvc5bCS/aCvL9z+448y+IoCZnYDwyZfQBBXMSmGOaQ=="
    },
    "object-assign": {
      "version": "4.1.1",
      "resolved": "https://registry.npmmirror.com/object-assign/-/object-assign-4.1.1.tgz",
      "integrity": "sha512-rJgTQnkUnH1sFw8yT6VSU3zD3sWmu6sZhIseY8VX+GRu3P6F7Fu+JNDoXfklElbLJSnc3FUQHVe4cU5hj+BcUg=="
    },
    "parse-headers": {
      "version": "2.0.5",
      "resolved": "https://registry.npmmirror.com/parse-headers/-/parse-headers-2.0.5.tgz",
      "integrity": "sha512-ft3iAoLOB/MlwbNXgzy43SWGP6sQki2jQvAyBg/zDFAgr9bfNWZIUj42Kw2eJIl8kEi4PbgE6U1Zau/HwI75HA=="
    },
    "pkcs7": {
      "version": "0.2.3",
      "resolved": "https://registry.npmmirror.com/pkcs7/-/pkcs7-0.2.3.tgz",
      "integrity": "sha512-kJRwmADEQUg+qJyRgWLtpEL9q9cFjZschejTEK3GRjKvnsU9G5WWoe/wKqRgbBoqWdVSeTUKP6vIA3Y72M3rWA=="
    },
    "process": {
      "version": "0.5.2",
      "resolved": "https://registry.npmmirror.com/process/-/process-0.5.2.tgz",
      "integrity": "sha512-oNpcutj+nYX2FjdEW7PGltWhXulAnFlM0My/k48L90hARCOJtvBbQXc/6itV2jDvU5xAAtonP+r6wmQgCcbAUA=="
    },
    "regenerator-runtime": {
      "version": "0.11.1",
      "resolved": "https://registry.npmmirror.com/regenerator-runtime/-/regenerator-runtime-0.11.1.tgz",
      "integrity": "sha512-MguG95oij0fC3QV3URf4V2SDYGJhJnJGqvIIgdECeODCT98wSWDAJ94SSuVpYQUoTcGUIL6L4yNB7j1DFFHSBg=="
    },
    "rust-result": {
      "version": "1.0.0",
      "resolved": "https://registry.npmmirror.com/rust-result/-/rust-result-1.0.0.tgz",
      "integrity": "sha512-6cJzSBU+J/RJCF063onnQf0cDUOHs9uZI1oroSGnHOph+CQTIJ5Pp2hK5kEQq1+7yE/EEWfulSNXAQ2jikPthA==",
      "requires": {
        "individual": "^2.0.0"
      }
    },
    "safe-json-parse": {
      "version": "4.0.0",
      "resolved": "https://registry.npmmirror.com/safe-json-parse/-/safe-json-parse-4.0.0.tgz",
      "integrity": "sha512-RjZPPHugjK0TOzFrLZ8inw44s9bKox99/0AZW9o/BEQVrJfhI+fIHMErnPyRa89/yRXUUr93q+tiN6zhoVV4wQ==",
      "requires": {
        "rust-result": "^1.0.0"
      }
    },
    "tsml": {
      "version": "1.0.1",
      "resolved": "https://registry.npmmirror.com/tsml/-/tsml-1.0.1.tgz",
      "integrity": "sha512-3KmepnH9SUsoOVtg013CRrL7c+AK7ECaquAsJdvu4288EDJuraqBlP4PDXT/rLEJ9YDn4jqLAzRJsnFPx+V6lg=="
    },
    "url-toolkit": {
      "version": "2.2.5",
      "resolved": "https://registry.npmmirror.com/url-toolkit/-/url-toolkit-2.2.5.tgz",
      "integrity": "sha512-mtN6xk+Nac+oyJ/PrI7tzfmomRVNFIWKUbG8jdYFt52hxbiReFAXIjYskvu64/dvuW71IcB7lV8l0HvZMac6Jg=="
    },
    "video.js": {
      "version": "7.19.2",
      "resolved": "https://registry.npmmirror.com/video.js/-/video.js-7.19.2.tgz",
      "integrity": "sha512-+rV/lJ1bDoMW3SbYlRp0eC9//RgvfBpEQ0USOyx44tHVxVyMjq+G9jZoiulsDXaIp4BX9q5+/y87TbZUysXBHA==",
      "requires": {
        "@babel/runtime": "^7.12.5",
        "@videojs/http-streaming": "2.14.2",
        "@videojs/vhs-utils": "^3.0.4",
        "@videojs/xhr": "2.6.0",
        "aes-decrypter": "3.1.3",
        "global": "^4.4.0",
        "keycode": "^2.2.0",
        "m3u8-parser": "4.7.1",
        "mpd-parser": "0.21.1",
        "mux.js": "6.0.1",
        "safe-json-parse": "4.0.0",
        "videojs-font": "3.2.0",
        "videojs-vtt.js": "^0.15.3"
      },
      "dependencies": {
        "aes-decrypter": {
          "version": "3.1.3",
          "resolved": "https://registry.npmmirror.com/aes-decrypter/-/aes-decrypter-3.1.3.tgz",
          "integrity": "sha512-VkG9g4BbhMBy+N5/XodDeV6F02chEk9IpgRTq/0bS80y4dzy79VH2Gtms02VXomf3HmyRe3yyJYkJ990ns+d6A==",
          "requires": {
            "@babel/runtime": "^7.12.5",
            "@videojs/vhs-utils": "^3.0.5",
            "global": "^4.4.0",
            "pkcs7": "^1.0.4"
          }
        },
        "global": {
          "version": "4.4.0",
          "resolved": "https://registry.npmmirror.com/global/-/global-4.4.0.tgz",
          "integrity": "sha512-wv/LAoHdRE3BeTGz53FAamhGlPLhlssK45usmGFThIi4XqnBmjKQ16u+RNbP7WvigRZDxUsM0J3gcQ5yicaL0w==",
          "requires": {
            "min-document": "^2.19.0",
            "process": "^0.11.10"
          }
        },
        "m3u8-parser": {
          "version": "4.7.1",
          "resolved": "https://registry.npmmirror.com/m3u8-parser/-/m3u8-parser-4.7.1.tgz",
          "integrity": "sha512-pbrQwiMiq+MmI9bl7UjtPT3AK603PV9bogNlr83uC+X9IoxqL5E4k7kU7fMQ0dpRgxgeSMygqUa0IMLQNXLBNA==",
          "requires": {
            "@babel/runtime": "^7.12.5",
            "@videojs/vhs-utils": "^3.0.5",
            "global": "^4.4.0"
          }
        },
        "mux.js": {
          "version": "6.0.1",
          "resolved": "https://registry.npmmirror.com/mux.js/-/mux.js-6.0.1.tgz",
          "integrity": "sha512-22CHb59rH8pWGcPGW5Og7JngJ9s+z4XuSlYvnxhLuc58cA1WqGDQPzuG8I+sPm1/p0CdgpzVTaKW408k5DNn8w==",
          "requires": {
            "@babel/runtime": "^7.11.2",
            "global": "^4.4.0"
          }
        },
        "pkcs7": {
          "version": "1.0.4",
          "resolved": "https://registry.npmmirror.com/pkcs7/-/pkcs7-1.0.4.tgz",
          "integrity": "sha512-afRERtHn54AlwaF2/+LFszyAANTCggGilmcmILUzEjvs3XgFZT+xE6+QWQcAGmu4xajy+Xtj7acLOPdx5/eXWQ==",
          "requires": {
            "@babel/runtime": "^7.5.5"
          }
        },
        "process": {
          "version": "0.11.10",
          "resolved": "https://registry.npmmirror.com/process/-/process-0.11.10.tgz",
          "integrity": "sha512-cdGef/drWFoydD1JsMzuFf8100nZl+GT+yacc2bEced5f9Rjk4z+WtFUTBu9PhOi9j/jfmBPu0mMEY4wIdAF8A=="
        },
        "videojs-font": {
          "version": "3.2.0",
          "resolved": "https://registry.npmmirror.com/videojs-font/-/videojs-font-3.2.0.tgz",
          "integrity": "sha512-g8vHMKK2/JGorSfqAZQUmYYNnXmfec4MLhwtEFS+mMs2IDY398GLysy6BH6K+aS1KMNu/xWZ8Sue/X/mdQPliA=="
        },
        "videojs-vtt.js": {
          "version": "0.15.3",
          "resolved": "https://registry.npmmirror.com/videojs-vtt.js/-/videojs-vtt.js-0.15.3.tgz",
          "integrity": "sha512-5FvVsICuMRx6Hd7H/Y9s9GDeEtYcXQWzGMS+sl4UX3t/zoHp3y+isSfIPRochnTH7h+Bh1ILyC639xy9Z6kPag==",
          "requires": {
            "global": "^4.3.1"
          }
        }
      }
    },
    "videojs-contrib-hls": {
      "version": "5.15.0",
      "resolved": "https://registry.npmmirror.com/videojs-contrib-hls/-/videojs-contrib-hls-5.15.0.tgz",
      "integrity": "sha512-18zbMYZ0XRBKTPEayA9bFTWWrqhT9b4G8+zf0czJLD7Epe5PcK1I/3dflTHQeQ5rwlWir+/XnFU3sMg/B2MMcw==",
      "requires": {
        "aes-decrypter": "1.0.3",
        "global": "^4.3.0",
        "m3u8-parser": "2.1.0",
        "mux.js": "4.3.2",
        "url-toolkit": "^2.1.3",
        "video.js": "^5.19.1 || ^6.2.0",
        "videojs-contrib-media-sources": "4.7.2",
        "webwackify": "0.1.6"
      },
      "dependencies": {
        "video.js": {
          "version": "6.13.0",
          "resolved": "https://registry.npmmirror.com/video.js/-/video.js-6.13.0.tgz",
          "integrity": "sha512-36/JR/GhPQSZj0o+GNbhcEYv/b0SkV9SQsjlodAnzMQYN0TA7VhmqrKPYMCi1NGRYu7S9W3OaFCFoUxkYfSVlg==",
          "requires": {
            "babel-runtime": "^6.9.2",
            "global": "4.3.2",
            "safe-json-parse": "4.0.0",
            "tsml": "1.0.1",
            "videojs-font": "2.1.0",
            "videojs-ie8": "1.1.2",
            "videojs-vtt.js": "0.12.6",
            "xhr": "2.4.0"
          }
        }
      }
    },
    "videojs-contrib-media-sources": {
      "version": "4.7.2",
      "resolved": "https://registry.npmmirror.com/videojs-contrib-media-sources/-/videojs-contrib-media-sources-4.7.2.tgz",
      "integrity": "sha512-e6iCHWBFuV05EGo7v+pS9iepObXnJ9joms467gzi8ZjpKVb3ifha9M0Ja24Rd8JfvYpzjltsgDVtGFDvIg4hQQ==",
      "requires": {
        "global": "^4.3.0",
        "mux.js": "4.3.2",
        "video.js": "^5.17.0 || ^6.2.0",
        "webwackify": "0.1.6"
      },
      "dependencies": {
        "video.js": {
          "version": "6.13.0",
          "resolved": "https://registry.npmmirror.com/video.js/-/video.js-6.13.0.tgz",
          "integrity": "sha512-36/JR/GhPQSZj0o+GNbhcEYv/b0SkV9SQsjlodAnzMQYN0TA7VhmqrKPYMCi1NGRYu7S9W3OaFCFoUxkYfSVlg==",
          "requires": {
            "babel-runtime": "^6.9.2",
            "global": "4.3.2",
            "safe-json-parse": "4.0.0",
            "tsml": "1.0.1",
            "videojs-font": "2.1.0",
            "videojs-ie8": "1.1.2",
            "videojs-vtt.js": "0.12.6",
            "xhr": "2.4.0"
          }
        }
      }
    },
    "videojs-flash": {
      "version": "2.2.1",
      "resolved": "https://registry.npmmirror.com/videojs-flash/-/videojs-flash-2.2.1.tgz",
      "integrity": "sha512-mHu6TD12EKkxMvr8tg4AcfV/DuVLff427nneoZom3N9Dd2bv0sJOWwdLPQH1v5BCuAuXAVuAOba56ovTl+G3tQ==",
      "requires": {
        "global": "^4.4.0",
        "video.js": "^6 || ^7",
        "videojs-swf": "5.4.2"
      },
      "dependencies": {
        "global": {
          "version": "4.4.0",
          "resolved": "https://registry.npmmirror.com/global/-/global-4.4.0.tgz",
          "integrity": "sha512-wv/LAoHdRE3BeTGz53FAamhGlPLhlssK45usmGFThIi4XqnBmjKQ16u+RNbP7WvigRZDxUsM0J3gcQ5yicaL0w==",
          "requires": {
            "min-document": "^2.19.0",
            "process": "^0.11.10"
          }
        },
        "process": {
          "version": "0.11.10",
          "resolved": "https://registry.npmmirror.com/process/-/process-0.11.10.tgz",
          "integrity": "sha512-cdGef/drWFoydD1JsMzuFf8100nZl+GT+yacc2bEced5f9Rjk4z+WtFUTBu9PhOi9j/jfmBPu0mMEY4wIdAF8A=="
        }
      }
    },
    "videojs-font": {
      "version": "2.1.0",
      "resolved": "https://registry.npmmirror.com/videojs-font/-/videojs-font-2.1.0.tgz",
      "integrity": "sha512-zFqWpLrXf1q8NtYx5qtZhMC6SLUFScDmR6j+UGPogobxR21lvXShhnzcNNMdOxJUuFLiToJ/BPpFUQwX4xhpvA=="
    },
    "videojs-hotkeys": {
      "version": "0.2.27",
      "resolved": "https://registry.npmmirror.com/videojs-hotkeys/-/videojs-hotkeys-0.2.27.tgz",
      "integrity": "sha512-pwtm1QocRmzJy1PWQsmFVHyeldYHHpLdeATK3FsFHVMmNpz6CROkAn8TFy2UILr8Ghgq134K8jEKNue8HWpudQ=="
    },
    "videojs-ie8": {
      "version": "1.1.2",
      "resolved": "https://registry.npmmirror.com/videojs-ie8/-/videojs-ie8-1.1.2.tgz",
      "integrity": "sha512-0Zb2T4MLkpfZbeGMK/Z93b8Lrepr+rLFoHgQV1CoDeFqXvH7b+Vsd/VHoILGxQrgCSHFQ7mAODR6oyMjuiD4/g==",
      "requires": {
        "es5-shim": "^4.5.1"
      }
    },
    "videojs-swf": {
      "version": "5.4.2",
      "resolved": "https://registry.npmmirror.com/videojs-swf/-/videojs-swf-5.4.2.tgz",
      "integrity": "sha512-FGg+Csioa8/A/EacvFefBdb9Z0rSiMlheHDunZnN3xXfUF43jvjawcWFQnZvrv1Cs1nE1LBrHyUZjF7j2mKOLw=="
    },
    "videojs-vtt.js": {
      "version": "0.12.6",
      "resolved": "https://registry.npmmirror.com/videojs-vtt.js/-/videojs-vtt.js-0.12.6.tgz",
      "integrity": "sha512-XFXeGBQiljnElMhwCcZst0RDbZn2n8LU7ZScXryd3a00OaZsHAjdZu/7/RdSr7Z1jHphd45FnOvOQkGK4YrWCQ==",
      "requires": {
        "global": "^4.3.1"
      }
    },
    "vue-video-player": {
      "version": "5.0.2",
      "resolved": "https://registry.npmmirror.com/vue-video-player/-/vue-video-player-5.0.2.tgz",
      "integrity": "sha512-IZXeRGGSX4YIp54G0Q5cB7iqh6Ok6Dpa2jRkjdyvMWw7MShJuh54/d5QNb1CZ+CvZUzX/TH7osnpir7mBNcFvQ==",
      "requires": {
        "object-assign": "^4.1.1",
        "video.js": "^6.6.0",
        "videojs-contrib-hls": "^5.12.2",
        "videojs-flash": "^2.1.0",
        "videojs-hotkeys": "^0.2.20"
      },
      "dependencies": {
        "video.js": {
          "version": "6.13.0",
          "resolved": "https://registry.npmmirror.com/video.js/-/video.js-6.13.0.tgz",
          "integrity": "sha512-36/JR/GhPQSZj0o+GNbhcEYv/b0SkV9SQsjlodAnzMQYN0TA7VhmqrKPYMCi1NGRYu7S9W3OaFCFoUxkYfSVlg==",
          "requires": {
            "babel-runtime": "^6.9.2",
            "global": "4.3.2",
            "safe-json-parse": "4.0.0",
            "tsml": "1.0.1",
            "videojs-font": "2.1.0",
            "videojs-ie8": "1.1.2",
            "videojs-vtt.js": "0.12.6",
            "xhr": "2.4.0"
          }
        }
      }
    },
    "webwackify": {
      "version": "0.1.6",
      "resolved": "https://registry.npmmirror.com/webwackify/-/webwackify-0.1.6.tgz",
      "integrity": "sha512-pGcw1T3HpNnM/UTRQqqRkkkzythSLts05mB+7Gr00B+0VbL0m39dFL5g20rSIEUt9Wrpw+/8k+snxRlUFHhcqA=="
    },
    "xhr": {
      "version": "2.4.0",
      "resolved": "https://registry.npmmirror.com/xhr/-/xhr-2.4.0.tgz",
      "integrity": "sha512-TUbBsdAuJbX8olk9hsDwGK8P1ri1XlV+PdEWkYw+HQQbpkiBR8PLgD1F3kQDPBs9l4Px34hP9rCYAZOCCAENbw==",
      "requires": {
        "global": "~4.3.0",
        "is-function": "^1.0.1",
        "parse-headers": "^2.0.0",
        "xtend": "^4.0.0"
      }
    },
    "xtend": {
      "version": "4.0.2",
      "resolved": "https://registry.npmmirror.com/xtend/-/xtend-4.0.2.tgz",
      "integrity": "sha512-LKYU1iAXJXUgAXn9URjiu+MWhyUXHsvfp7mcuYm9dSUKK0/CjtrUwFAxD82/mCWbtLsGjFIad0wIsod4zrTAEQ=="
    }
  }
}
